// !$*UTF8*$!
{
	archiveVersion = 1;
	classes = {
	};
	objectVersion = 50;
	objects = {

/* Begin PBXBuildFile section */
		A146D28424CF42DC00B0764F /* AppDelegate.swift in Sources */ = {isa = PBXBuildFile; fileRef = A146D28324CF42DC00B0764F /* AppDelegate.swift */; };
		A146D28624CF42DC00B0764F /* SceneDelegate.swift in Sources */ = {isa = PBXBuildFile; fileRef = A146D28524CF42DC00B0764F /* SceneDelegate.swift */; };
		A146D28B24CF42DC00B0764F /* Main.storyboard in Resources */ = {isa = PBXBuildFile; fileRef = A146D28924CF42DC00B0764F /* Main.storyboard */; };
		A146D28E24CF42DC00B0764F /* ToDoList.xcdatamodeld in Sources */ = {isa = PBXBuildFile; fileRef = A146D28C24CF42DC00B0764F /* ToDoList.xcdatamodeld */; };
		A146D29024CF42EC00B0764F /* Assets.xcassets in Resources */ = {isa = PBXBuildFile; fileRef = A146D28F24CF42EC00B0764F /* Assets.xcassets */; };
		A146D29324CF42EC00B0764F /* LaunchScreen.storyboard in Resources */ = {isa = PBXBuildFile; fileRef = A146D29124CF42EC00B0764F /* LaunchScreen.storyboard */; };
		A146D29E24CF42EC00B0764F /* ToDoListTests.swift in Sources */ = {isa = PBXBuildFile; fileRef = A146D29D24CF42EC00B0764F /* ToDoListTests.swift */; };
		A146D2A924CF42EC00B0764F /* ToDoListUITests.swift in Sources */ = {isa = PBXBuildFile; fileRef = A146D2A824CF42EC00B0764F /* ToDoListUITests.swift */; };
		A146D2B924CF4A9D00B0764F /* ToDoTableViewController.swift in Sources */ = {isa = PBXBuildFile; fileRef = A146D2B824CF4A9D00B0764F /* ToDoTableViewController.swift */; };
		A146D2BB24CF4B0C00B0764F /* ToDo.swift in Sources */ = {isa = PBXBuildFile; fileRef = A146D2BA24CF4B0C00B0764F /* ToDo.swift */; };
/* End PBXBuildFile section */

/* Begin PBXContainerItemProxy section */
		A146D29A24CF42EC00B0764F /* PBXContainerItemProxy */ = {
			isa = PBXContainerItemProxy;
			containerPortal = A146D27824CF42DB00B0764F /* Project object */;
			proxyType = 1;
			remoteGlobalIDString = A146D27F24CF42DB00B0764F;
			remoteInfo = ToDoList;
		};
		A146D2A524CF42EC00B0764F /* PBXContainerItemProxy */ = {
			isa = PBXContainerItemProxy;
			containerPortal = A146D27824CF42DB00B0764F /* Project object */;
			proxyType = 1;
			remoteGlobalIDString = A146D27F24CF42DB00B0764F;
			remoteInfo = ToDoList;
		};
/* End PBXContainerItemProxy section */

/* Begin PBXFileReference section */
		A146D28024CF42DC00B0764F /* ToDoList.app */ = {isa = PBXFileReference; explicitFileType = wrapper.application; includeInIndex = 0; path = ToDoList.app; sourceTree = BUILT_PRODUCTS_DIR; };
		A146D28324CF42DC00B0764F /* AppDelegate.swift */ = {isa = PBXFileReference; lastKnownFileType = sourcecode.swift; path = AppDelegate.swift; sourceTree = "<group>"; };
		A146D28524CF42DC00B0764F /* SceneDelegate.swift */ = {isa = PBXFileReference; lastKnownFileType = sourcecode.swift; path = SceneDelegate.swift; sourceTree = "<group>"; };
		A146D28A24CF42DC00B0764F /* Base */ = {isa = PBXFileReference; lastKnownFileType = file.storyboard; name = Base; path = Base.lproj/Main.storyboard; sourceTree = "<group>"; };
		A146D28D24CF42DC00B0764F /* ToDoList.xcdatamodel */ = {isa = PBXFileReference; lastKnownFileType = wrapper.xcdatamodel; path = ToDoList.xcdatamodel; sourceTree = "<group>"; };
		A146D28F24CF42EC00B0764F /* Assets.xcassets */ = {isa = PBXFileReference; lastKnownFileType = folder.assetcatalog; path = Assets.xcassets; sourceTree = "<group>"; };
		A146D29224CF42EC00B0764F /* Base */ = {isa = PBXFileReference; lastKnownFileType = file.storyboard; name = Base; path = Base.lproj/LaunchScreen.storyboard; sourceTree = "<group>"; };
		A146D29424CF42EC00B0764F /* Info.plist */ = {isa = PBXFileReference; lastKnownFileType = text.plist.xml; path = Info.plist; sourceTree = "<group>"; };
		A146D29924CF42EC00B0764F /* ToDoListTests.xctest */ = {isa = PBXFileReference; explicitFileType = wrapper.cfbundle; includeInIndex = 0; path = ToDoListTests.xctest; sourceTree = BUILT_PRODUCTS_DIR; };
		A146D29D24CF42EC00B0764F /* ToDoListTests.swift */ = {isa = PBXFileReference; lastKnownFileType = sourcecode.swift; path = ToDoListTests.swift; sourceTree = "<group>"; };
		A146D29F24CF42EC00B0764F /* Info.plist */ = {isa = PBXFileReference; lastKnownFileType = text.plist.xml; path = Info.plist; sourceTree = "<group>"; };
		A146D2A424CF42EC00B0764F /* ToDoListUITests.xctest */ = {isa = PBXFileReference; explicitFileType = wrapper.cfbundle; includeInIndex = 0; path = ToDoListUITests.xctest; sourceTree = BUILT_PRODUCTS_DIR; };
		A146D2A824CF42EC00B0764F /* ToDoListUITests.swift */ = {isa = PBXFileReference; lastKnownFileType = sourcecode.swift; path = ToDoListUITests.swift; sourceTree = "<group>"; };
		A146D2AA24CF42EC00B0764F /* Info.plist */ = {isa = PBXFileReference; lastKnownFileType = text.plist.xml; path = Info.plist; sourceTree = "<group>"; };
		A146D2B824CF4A9D00B0764F /* ToDoTableViewController.swift */ = {isa = PBXFileReference; lastKnownFileType = sourcecode.swift; path = ToDoTableViewController.swift; sourceTree = "<group>"; };
		A146D2BA24CF4B0C00B0764F /* ToDo.swift */ = {isa = PBXFileReference; lastKnownFileType = sourcecode.swift; path = ToDo.swift; sourceTree = "<group>"; };
/* End PBXFileReference section */

/* Begin PBXFrameworksBuildPhase section */
		A146D27D24CF42DB00B0764F /* Frameworks */ = {
			isa = PBXFrameworksBuildPhase;
			buildActionMask = 2147483647;
			files = (
			);
			runOnlyForDeploymentPostprocessing = 0;
		};
		A146D29624CF42EC00B0764F /* Frameworks */ = {
			isa = PBXFrameworksBuildPhase;
			buildActionMask = 2147483647;
			files = (
			);
			runOnlyForDeploymentPostprocessing = 0;
		};
		A146D2A124CF42EC00B0764F /* Frameworks */ = {
			isa = PBXFrameworksBuildPhase;
			buildActionMask = 2147483647;
			files = (
			);
			runOnlyForDeploymentPostprocessing = 0;
		};
/* End PBXFrameworksBuildPhase section */

/* Begin PBXGroup section */
		A146D27724CF42DB00B0764F = {
			isa = PBXGroup;
			children = (
				A146D28224CF42DC00B0764F /* ToDoList */,
				A146D29C24CF42EC00B0764F /* ToDoListTests */,
				A146D2A724CF42EC00B0764F /* ToDoListUITests */,
				A146D28124CF42DC00B0764F /* Products */,
			);
			sourceTree = "<group>";
		};
		A146D28124CF42DC00B0764F /* Products */ = {
			isa = PBXGroup;
			children = (
				A146D28024CF42DC00B0764F /* ToDoList.app */,
				A146D29924CF42EC00B0764F /* ToDoListTests.xctest */,
				A146D2A424CF42EC00B0764F /* ToDoListUITests.xctest */,
			);
			name = Products;
			sourceTree = "<group>";
		};
		A146D28224CF42DC00B0764F /* ToDoList */ = {
			isa = PBXGroup;
			children = (
				A146D28324CF42DC00B0764F /* AppDelegate.swift */,
				A146D28524CF42DC00B0764F /* SceneDelegate.swift */,
				A146D2B824CF4A9D00B0764F /* ToDoTableViewController.swift */,
				A146D28924CF42DC00B0764F /* Main.storyboard */,
				A146D2BA24CF4B0C00B0764F /* ToDo.swift */,
				A146D28F24CF42EC00B0764F /* Assets.xcassets */,
				A146D29124CF42EC00B0764F /* LaunchScreen.storyboard */,
				A146D29424CF42EC00B0764F /* Info.plist */,
				A146D28C24CF42DC00B0764F /* ToDoList.xcdatamodeld */,
			);
			path = ToDoList;
			sourceTree = "<group>";
		};
		A146D29C24CF42EC00B0764F /* ToDoListTests */ = {
			isa = PBXGroup;
			children = (
				A146D29D24CF42EC00B0764F /* ToDoListTests.swift */,
				A146D29F24CF42EC00B0764F /* Info.plist */,
			);
			path = ToDoListTests;
			sourceTree = "<group>";
		};
		A146D2A724CF42EC00B0764F /* ToDoListUITests */ = {
			isa = PBXGroup;
			children = (
				A146D2A824CF42EC00B0764F /* ToDoListUITests.swift */,
				A146D2AA24CF42EC00B0764F /* Info.plist */,
			);
			path = ToDoListUITests;
			sourceTree = "<group>";
		};
/* End PBXGroup section */

/* Begin PBXNativeTarget section */
		A146D27F24CF42DB00B0764F /* ToDoList */ = {
			isa = PBXNativeTarget;
			buildConfigurationList = A146D2AD24CF42ED00B0764F /* Build configuration list for PBXNativeTarget "ToDoList" */;
			buildPhases = (
				A146D27C24CF42DB00B0764F /* Sources */,
				A146D27D24CF42DB00B0764F /* Frameworks */,
				A146D27E24CF42DB00B0764F /* Resources */,
			);
			buildRules = (
			);
			dependencies = (
			);
			name = ToDoList;
			productName = ToDoList;
			productReference = A146D28024CF42DC00B0764F /* ToDoList.app */;
			productType = "com.apple.product-type.application";
		};
		A146D29824CF42EC00B0764F /* ToDoListTests */ = {
			isa = PBXNativeTarget;
			buildConfigurationList = A146D2B024CF42ED00B0764F /* Build configuration list for PBXNativeTarget "ToDoListTests" */;
			buildPhases = (
				A146D29524CF42EC00B0764F /* Sources */,
				A146D29624CF42EC00B0764F /* Frameworks */,
				A146D29724CF42EC00B0764F /* Resources */,
			);
			buildRules = (
			);
			dependencies = (
				A146D29B24CF42EC00B0764F /* PBXTargetDependency */,
			);
			name = ToDoListTests;
			productName = ToDoListTests;
			productReference = A146D29924CF42EC00B0764F /* ToDoListTests.xctest */;
			productType = "com.apple.product-type.bundle.unit-test";
		};
		A146D2A324CF42EC00B0764F /* ToDoListUITests */ = {
			isa = PBXNativeTarget;
			buildConfigurationList = A146D2B324CF42ED00B0764F /* Build configuration list for PBXNativeTarget "ToDoListUITests" */;
			buildPhases = (
				A146D2A024CF42EC00B0764F /* Sources */,
				A146D2A124CF42EC00B0764F /* Frameworks */,
				A146D2A224CF42EC00B0764F /* Resources */,
			);
			buildRules = (
			);
			dependencies = (
				A146D2A624CF42EC00B0764F /* PBXTargetDependency */,
			);
			name = ToDoListUITests;
			productName = ToDoListUITests;
			productReference = A146D2A424CF42EC00B0764F /* ToDoListUITests.xctest */;
			productType = "com.apple.product-type.bundle.ui-testing";
		};
/* End PBXNativeTarget section */

/* Begin PBXProject section */
		A146D27824CF42DB00B0764F /* Project object */ = {
			isa = PBXProject;
			attributes = {
				LastSwiftUpdateCheck = 1160;
				LastUpgradeCheck = 1160;
				ORGANIZATIONNAME = KWK;
				TargetAttributes = {
					A146D27F24CF42DB00B0764F = {
						CreatedOnToolsVersion = 11.6;
					};
					A146D29824CF42EC00B0764F = {
						CreatedOnToolsVersion = 11.6;
						TestTargetID = A146D27F24CF42DB00B0764F;
					};
					A146D2A324CF42EC00B0764F = {
						CreatedOnToolsVersion = 11.6;
						TestTargetID = A146D27F24CF42DB00B0764F;
					};
				};
			};
			buildConfigurationList = A146D27B24CF42DB00B0764F /* Build configuration list for PBXProject "ToDoList" */;
			compatibilityVersion = "Xcode 9.3";
			developmentRegion = en;
			hasScannedForEncodings = 0;
			knownRegions = (
				en,
				Base,
			);
			mainGroup = A146D27724CF42DB00B0764F;
			productRefGroup = A146D28124CF42DC00B0764F /* Products */;
			projectDirPath = "";
			projectRoot = "";
			targets = (
				A146D27F24CF42DB00B0764F /* ToDoList */,
				A146D29824CF42EC00B0764F /* ToDoListTests */,
				A146D2A324CF42EC00B0764F /* ToDoListUITests */,
			);
		};
/* End PBXProject section */

/* Begin PBXResourcesBuildPhase section */
		A146D27E24CF42DB00B0764F /* Resources */ = {
			isa = PBXResourcesBuildPhase;
			buildActionMask = 2147483647;
			files = (
				A146D29324CF42EC00B0764F /* LaunchScreen.storyboard in Resources */,
				A146D29024CF42EC00B0764F /* Assets.xcassets in Resources */,
				A146D28B24CF42DC00B0764F /* Main.storyboard in Resources */,
			);
			runOnlyForDeploymentPostprocessing = 0;
		};
		A146D29724CF42EC00B0764F /* Resources */ = {
			isa = PBXResourcesBuildPhase;
			buildActionMask = 2147483647;
			files = (
			);
			runOnlyForDeploymentPostprocessing = 0;
		};
		A146D2A224CF42EC00B0764F /* Resources */ = {
			isa = PBXResourcesBuildPhase;
			buildActionMask = 2147483647;
			files = (
			);
			runOnlyForDeploymentPostprocessing = 0;
		};
/* End PBXResourcesBuildPhase section */

/* Begin PBXSourcesBuildPhase section */
		A146D27C24CF42DB00B0764F /* Sources */ = {
			isa = PBXSourcesBuildPhase;
			buildActionMask = 2147483647;
			files = (
				A146D28424CF42DC00B0764F /* AppDelegate.swift in Sources */,
				A146D2BB24CF4B0C00B0764F /* ToDo.swift in Sources */,
				A146D2B924CF4A9D00B0764F /* ToDoTableViewController.swift in Sources */,
				A146D28624CF42DC00B0764F /* SceneDelegate.swift in Sources */,
				A146D28E24CF42DC00B0764F /* ToDoList.xcdatamodeld in Sources */,
			);
			runOnlyForDeploymentPostprocessing = 0;
		};
		A146D29524CF42EC00B0764F /* Sources */ = {
			isa = PBXSourcesBuildPhase;
			buildActionMask = 2147483647;
			files = (
				A146D29E24CF42EC00B0764F /* ToDoListTests.swift in Sources */,
			);
			runOnlyForDeploymentPostprocessing = 0;
		};
		A146D2A024CF42EC00B0764F /* Sources */ = {
			isa = PBXSourcesBuildPhase;
			buildActionMask = 2147483647;
			files = (
				A146D2A924CF42EC00B0764F /* ToDoListUITests.swift in Sources */,
			);
			runOnlyForDeploymentPostprocessing = 0;
		};
/* End PBXSourcesBuildPhase section */

/* Begin PBXTargetDependency section */
		A146D29B24CF42EC00B0764F /* PBXTargetDependency */ = {
			isa = PBXTargetDependency;
			target = A146D27F24CF42DB00B0764F /* ToDoList */;
			targetProxy = A146D29A24CF42EC00B0764F /* PBXContainerItemProxy */;
		};
		A146D2A624CF42EC00B0764F /* PBXTargetDependency */ = {
			isa = PBXTargetDependency;
			target = A146D27F24CF42DB00B0764F /* ToDoList */;
			targetProxy = A146D2A524CF42EC00B0764F /* PBXContainerItemProxy */;
		};
/* End PBXTargetDependency section */

/* Begin PBXVariantGroup section */
		A146D28924CF42DC00B0764F /* Main.storyboard */ = {
			isa = PBXVariantGroup;
			children = (
				A146D28A24CF42DC00B0764F /* Base */,
			);
			name = Main.storyboard;
			sourceTree = "<group>";
		};
		A146D29124CF42EC00B0764F /* LaunchScreen.storyboard */ = {
			isa = PBXVariantGroup;
			children = (
				A146D29224CF42EC00B0764F /* Base */,
			);
			name = LaunchScreen.storyboard;
			sourceTree = "<group>";
		};
/* End PBXVariantGroup section */

/* Begin XCBuildConfiguration section */
		A146D2AB24CF42EC00B0764F /* Debug */ = {
			isa = XCBuildConfiguration;
			buildSettings = {
				ALWAYS_SEARCH_USER_PATHS = NO;
				CLANG_ANALYZER_NONNULL = YES;
				CLANG_ANALYZER_NUMBER_OBJECT_CONVERSION = YES_AGGRESSIVE;
				CLANG_CXX_LANGUAGE_STANDARD = "gnu++14";
				CLANG_CXX_LIBRARY = "libc++";
				CLANG_ENABLE_MODULES = YES;
				CLANG_ENABLE_OBJC_ARC = YES;
				CLANG_ENABLE_OBJC_WEAK = YES;
				CLANG_WARN_BLOCK_CAPTURE_AUTORELEASING = YES;
				CLANG_WARN_BOOL_CONVERSION = YES;
				CLANG_WARN_COMMA = YES;
				CLANG_WARN_CONSTANT_CONVERSION = YES;
				CLANG_WARN_DEPRECATED_OBJC_IMPLEMENTATIONS = YES;
				CLANG_WARN_DIRECT_OBJC_ISA_USAGE = YES_ERROR;
				CLANG_WARN_DOCUMENTATION_COMMENTS = YES;
				CLANG_WARN_EMPTY_BODY = YES;
				CLANG_WARN_ENUM_CONVERSION = YES;
				CLANG_WARN_INFINITE_RECURSION = YES;
				CLANG_WARN_INT_CONVERSION = YES;
				CLANG_WARN_NON_LITERAL_NULL_CONVERSION = YES;
				CLANG_WARN_OBJC_IMPLICIT_RETAIN_SELF = YES;
				CLANG_WARN_OBJC_LITERAL_CONVERSION = YES;
				CLANG_WARN_OBJC_ROOT_CLASS = YES_ERROR;
				CLANG_WARN_RANGE_LOOP_ANALYSIS = YES;
				CLANG_WARN_STRICT_PROTOTYPES = YES;
				CLANG_WARN_SUSPICIOUS_MOVE = YES;
				CLANG_WARN_UNGUARDED_AVAILABILITY = YES_AGGRESSIVE;
				CLANG_WARN_UNREACHABLE_CODE = YES;
				CLANG_WARN__DUPLICATE_METHOD_MATCH = YES;
				COPY_PHASE_STRIP = NO;
				DEBUG_INFORMATION_FORMAT = dwarf;
				ENABLE_STRICT_OBJC_MSGSEND = YES;
				ENABLE_TESTABILITY = YES;
				GCC_C_LANGUAGE_STANDARD = gnu11;
				GCC_DYNAMIC_NO_PIC = NO;
				GCC_NO_COMMON_BLOCKS = YES;
				GCC_OPTIMIZATION_LEVEL = 0;
				GCC_PREPROCESSOR_DEFINITIONS = (
					"DEBUG=1",
					"$(inherited)",
				);
				GCC_WARN_64_TO_32_BIT_CONVERSION = YES;
				GCC_WARN_ABOUT_RETURN_TYPE = YES_ERROR;
				GCC_WARN_UNDECLARED_SELECTOR = YES;
				GCC_WARN_UNINITIALIZED_AUTOS = YES_AGGRESSIVE;
				GCC_WARN_UNUSED_FUNCTION = YES;
				GCC_WARN_UNUSED_VARIABLE = YES;
				IPHONEOS_DEPLOYMENT_TARGET = 13.6;
				MTL_ENABLE_DEBUG_INFO = INCLUDE_SOURCE;
				MTL_FAST_MATH = YES;
				ONLY_ACTIVE_ARCH = YES;
				SDKROOT = iphoneos;
				SWIFT_ACTIVE_COMPILATION_CONDITIONS = DEBUG;
				SWIFT_OPTIMIZATION_LEVEL = "-Onone";
			};
			name = Debug;
		};
		A146D2AC24CF42EC00B0764F /* Release */ = {
			isa = XCBuildConfiguration;
			buildSettings = {
				ALWAYS_SEARCH_USER_PATHS = NO;
				CLANG_ANALYZER_NONNULL = YES;
				CLANG_ANALYZER_NUMBER_OBJECT_CONVERSION = YES_AGGRESSIVE;
				CLANG_CXX_LANGUAGE_STANDARD = "gnu++14";
				CLANG_CXX_LIBRARY = "libc++";
				CLANG_ENABLE_MODULES = YES;
				CLANG_ENABLE_OBJC_ARC = YES;
				CLANG_ENABLE_OBJC_WEAK = YES;
				CLANG_WARN_BLOCK_CAPTURE_AUTORELEASING = YES;
				CLANG_WARN_BOOL_CONVERSION = YES;
				CLANG_WARN_COMMA = YES;
				CLANG_WARN_CONSTANT_CONVERSION = YES;
				CLANG_WARN_DEPRECATED_OBJC_IMPLEMENTATIONS = YES;
				CLANG_WARN_DIRECT_OBJC_ISA_USAGE = YES_ERROR;
				CLANG_WARN_DOCUMENTATION_COMMENTS = YES;
				CLANG_WARN_EMPTY_BODY = YES;
				CLANG_WARN_ENUM_CONVERSION = YES;
				CLANG_WARN_INFINITE_RECURSION = YES;
				CLANG_WARN_INT_CONVERSION = YES;
				CLANG_WARN_NON_LITERAL_NULL_CONVERSION = YES;
				CLANG_WARN_OBJC_IMPLICIT_RETAIN_SELF = YES;
				CLANG_WARN_OBJC_LITERAL_CONVERSION = YES;
				CLANG_WARN_OBJC_ROOT_CLASS = YES_ERROR;
				CLANG_WARN_RANGE_LOOP_ANALYSIS = YES;
				CLANG_WARN_STRICT_PROTOTYPES = YES;
				CLANG_WARN_SUSPICIOUS_MOVE = YES;
				CLANG_WARN_UNGUARDED_AVAILABILITY = YES_AGGRESSIVE;
				CLANG_WARN_UNREACHABLE_CODE = YES;
				CLANG_WARN__DUPLICATE_METHOD_MATCH = YES;
				COPY_PHASE_STRIP = NO;
				DEBUG_INFORMATION_FORMAT = "dwarf-with-dsym";
				ENABLE_NS_ASSERTIONS = NO;
				ENABLE_STRICT_OBJC_MSGSEND = YES;
				GCC_C_LANGUAGE_STANDARD = gnu11;
				GCC_NO_COMMON_BLOCKS = YES;
				GCC_WARN_64_TO_32_BIT_CONVERSION = YES;
				GCC_WARN_ABOUT_RETURN_TYPE = YES_ERROR;
				GCC_WARN_UNDECLARED_SELECTOR = YES;
				GCC_WARN_UNINITIALIZED_AUTOS = YES_AGGRESSIVE;
				GCC_WARN_UNUSED_FUNCTION = YES;
				GCC_WARN_UNUSED_VARIABLE = YES;
				IPHONEOS_DEPLOYMENT_TARGET = 13.6;
				MTL_ENABLE_DEBUG_INFO = NO;
				MTL_FAST_MATH = YES;
				SDKROOT = iphoneos;
				SWIFT_COMPILATION_MODE = wholemodule;
				SWIFT_OPTIMIZATION_LEVEL = "-O";
				VALIDATE_PRODUCT = YES;
			};
			name = Release;
		};
		A146D2AE24CF42ED00B0764F /* Debug */ = {
			isa = XCBuildConfiguration;
			buildSettings = {
				ASSETCATALOG_COMPILER_APPICON_NAME = AppIcon;
				CODE_SIGN_STYLE = Automatic;
				INFOPLIST_FILE = ToDoList/Info.plist;
				LD_RUNPATH_SEARCH_PATHS = (
					"$(inherited)",
					"@executable_path/Frameworks",
				);
				PRODUCT_BUNDLE_IDENTIFIER = "Emily-Silverstein.ToDoList";
				PRODUCT_NAME = "$(TARGET_NAME)";
				SWIFT_VERSION = 5.0;
				TARGETED_DEVICE_FAMILY = "1,2";
			};
			name = Debug;
		};
		A146D2AF24CF42ED00B0764F /* Release */ = {
			isa = XCBuildConfiguration;
			buildSettings = {
				ASSETCATALOG_COMPILER_APPICON_NAME = AppIcon;
				CODE_SIGN_STYLE = Automatic;
				INFOPLIST_FILE = ToDoList/Info.plist;
				LD_RUNPATH_SEARCH_PATHS = (
					"$(inherited)",
					"@executable_path/Frameworks",
				);
				PRODUCT_BUNDLE_IDENTIFIER = "Emily-Silverstein.ToDoList";
				PRODUCT_NAME = "$(TARGET_NAME)";
				SWIFT_VERSION = 5.0;
				TARGETED_DEVICE_FAMILY = "1,2";
			};
			name = Release;
		};
		A146D2B124CF42ED00B0764F /* Debug */ = {
			isa = XCBuildConfiguration;
			buildSettings = {
				ALWAYS_EMBED_SWIFT_STANDARD_LIBRARIES = YES;
				BUNDLE_LOADER = "$(TEST_HOST)";
				CODE_SIGN_STYLE = Automatic;
				INFOPLIST_FILE = ToDoListTests/Info.plist;
				IPHONEOS_DEPLOYMENT_TARGET = 13.6;
				LD_RUNPATH_SEARCH_PATHS = (
					"$(inherited)",
					"@executable_path/Frameworks",
					"@loader_path/Frameworks",
				);
				PRODUCT_BUNDLE_IDENTIFIER = "Emily-Silverstein.ToDoListTests";
				PRODUCT_NAME = "$(TARGET_NAME)";
				SWIFT_VERSION = 5.0;
				TARGETED_DEVICE_FAMILY = "1,2";
				TEST_HOST = "$(BUILT_PRODUCTS_DIR)/ToDoList.app/ToDoList";
			};
			name = Debug;
		};
		A146D2B224CF42ED00B0764F /* Release */ = {
			isa = XCBuildConfiguration;
			buildSettings = {
				ALWAYS_EMBED_SWIFT_STANDARD_LIBRARIES = YES;
				BUNDLE_LOADER = "$(TEST_HOST)";
				CODE_SIGN_STYLE = Automatic;
				INFOPLIST_FILE = ToDoListTests/Info.plist;
				IPHONEOS_DEPLOYMENT_TARGET = 13.6;
				LD_RUNPATH_SEARCH_PATHS = (
					"$(inherited)",
					"@executable_path/Frameworks",
					"@loader_path/Frameworks",
				);
				PRODUCT_BUNDLE_IDENTIFIER = "Emily-Silverstein.ToDoListTests";
				PRODUCT_NAME = "$(TARGET_NAME)";
				SWIFT_VERSION = 5.0;
				TARGETED_DEVICE_FAMILY = "1,2";
				TEST_HOST = "$(BUILT_PRODUCTS_DIR)/ToDoList.app/ToDoList";
			};
			name = Release;
		};
		A146D2B424CF42ED00B0764F /* Debug */ = {
			isa = XCBuildConfiguration;
			buildSettings = {
				ALWAYS_EMBED_SWIFT_STANDARD_LIBRARIES = YES;
				CODE_SIGN_STYLE = Automatic;
				INFOPLIST_FILE = ToDoListUITests/Info.plist;
				LD_RUNPATH_SEARCH_PATHS = (
					"$(inherited)",
					"@executable_path/Frameworks",
					"@loader_path/Frameworks",
				);
				PRODUCT_BUNDLE_IDENTIFIER = "Emily-Silverstein.ToDoListUITests";
				PRODUCT_NAME = "$(TARGET_NAME)";
				SWIFT_VERSION = 5.0;
				TARGETED_DEVICE_FAMILY = "1,2";
				TEST_TARGET_NAME = ToDoList;
			};
			name = Debug;
		};
		A146D2B524CF42ED00B0764F /* Release */ = {
			isa = XCBuildConfiguration;
			buildSettings = {
				ALWAYS_EMBED_SWIFT_STANDARD_LIBRARIES = YES;
				CODE_SIGN_STYLE = Automatic;
				INFOPLIST_FILE = ToDoListUITests/Info.plist;
				LD_RUNPATH_SEARCH_PATHS = (
					"$(inherited)",
					"@executable_path/Frameworks",
					"@loader_path/Frameworks",
				);
				PRODUCT_BUNDLE_IDENTIFIER = "Emily-Silverstein.ToDoListUITests";
				PRODUCT_NAME = "$(TARGET_NAME)";
				SWIFT_VERSION = 5.0;
				TARGETED_DEVICE_FAMILY = "1,2";
				TEST_TARGET_NAME = ToDoList;
			};
			name = Release;
		};
/* End XCBuildConfiguration section */

/* Begin XCConfigurationList section */
		A146D27B24CF42DB00B0764F /* Build configuration list for PBXProject "ToDoList" */ = {
			isa = XCConfigurationList;
			buildConfigurations = (
				A146D2AB24CF42EC00B0764F /* Debug */,
				A146D2AC24CF42EC00B0764F /* Release */,
			);
			defaultConfigurationIsVisible = 0;
			defaultConfigurationName = Release;
		};
		A146D2AD24CF42ED00B0764F /* Build configuration list for PBXNativeTarget "ToDoList" */ = {
			isa = XCConfigurationList;
			buildConfigurations = (
				A146D2AE24CF42ED00B0764F /* Debug */,
				A146D2AF24CF42ED00B0764F /* Release */,
			);
			defaultConfigurationIsVisible = 0;
			defaultConfigurationName = Release;
		};
		A146D2B024CF42ED00B0764F /* Build configuration list for PBXNativeTarget "ToDoListTests" */ = {
			isa = XCConfigurationList;
			buildConfigurations = (
				A146D2B124CF42ED00B0764F /* Debug */,
				A146D2B224CF42ED00B0764F /* Release */,
			);
			defaultConfigurationIsVisible = 0;
			defaultConfigurationName = Release;
		};
		A146D2B324CF42ED00B0764F /* Build configuration list for PBXNativeTarget "ToDoListUITests" */ = {
			isa = XCConfigurationList;
			buildConfigurations = (
				A146D2B424CF42ED00B0764F /* Debug */,
				A146D2B524CF42ED00B0764F /* Release */,
			);
			defaultConfigurationIsVisible = 0;
			defaultConfigurationName = Release;
		};
/* End XCConfigurationList section */

/* Begin XCVersionGroup section */
		A146D28C24CF42DC00B0764F /* ToDoList.xcdatamodeld */ = {
			isa = XCVersionGroup;
			children = (
				A146D28D24CF42DC00B0764F /* ToDoList.xcdatamodel */,
			);
			currentVersion = A146D28D24CF42DC00B0764F /* ToDoList.xcdatamodel */;
			path = ToDoList.xcdatamodeld;
			sourceTree = "<group>";
			versionGroupType = wrapper.xcdatamodel;
		};
/* End XCVersionGroup section */
	};
	rootObject = A146D27824CF42DB00B0764F /* Project object */;
}
